// !$*UTF8*$!
{
	archiveVersion = 1;
	classes = {
	};
	objectVersion = 56;
	objects = {

/* Begin PBXBuildFile section */
		451247462B6ABC3B000EE7CF /* AppDelegate.swift in Sources */ = {isa = PBXBuildFile; fileRef = 451247452B6ABC3B000EE7CF /* AppDelegate.swift */; };
		451247482B6ABC3B000EE7CF /* SceneDelegate.swift in Sources */ = {isa = PBXBuildFile; fileRef = 451247472B6ABC3B000EE7CF /* SceneDelegate.swift */; };
		4512474A2B6ABC3B000EE7CF /* HomeViewController.swift in Sources */ = {isa = PBXBuildFile; fileRef = 451247492B6ABC3B000EE7CF /* HomeViewController.swift */; };
		4512474F2B6ABC3C000EE7CF /* Assets.xcassets in Resources */ = {isa = PBXBuildFile; fileRef = 4512474E2B6ABC3C000EE7CF /* Assets.xcassets */; };
		451247522B6ABC3C000EE7CF /* LaunchScreen.storyboard in Resources */ = {isa = PBXBuildFile; fileRef = 451247502B6ABC3C000EE7CF /* LaunchScreen.storyboard */; };
		4512475F2B6ACA2F000EE7CF /* ExploreViewController.swift in Sources */ = {isa = PBXBuildFile; fileRef = 4512475E2B6ACA2F000EE7CF /* ExploreViewController.swift */; };
		451247612B6ACA3B000EE7CF /* CameraViewController.swift in Sources */ = {isa = PBXBuildFile; fileRef = 451247602B6ACA3B000EE7CF /* CameraViewController.swift */; };
		451247632B6ACA46000EE7CF /* NotificationsViewController.swift in Sources */ = {isa = PBXBuildFile; fileRef = 451247622B6ACA46000EE7CF /* NotificationsViewController.swift */; };
		451247652B6ACA50000EE7CF /* ProfileViewController.swift in Sources */ = {isa = PBXBuildFile; fileRef = 451247642B6ACA50000EE7CF /* ProfileViewController.swift */; };
		451247692B6ACAA3000EE7CF /* UserListViewController.swift in Sources */ = {isa = PBXBuildFile; fileRef = 451247682B6ACAA3000EE7CF /* UserListViewController.swift */; };
		4512476B2B6ACAAE000EE7CF /* SignInViewController.swift in Sources */ = {isa = PBXBuildFile; fileRef = 4512476A2B6ACAAE000EE7CF /* SignInViewController.swift */; };
		4512476D2B6ACAB6000EE7CF /* SignUpViewController.swift in Sources */ = {isa = PBXBuildFile; fileRef = 4512476C2B6ACAB6000EE7CF /* SignUpViewController.swift */; };
		4512476F2B6ACAC0000EE7CF /* SettingsViewController.swift in Sources */ = {isa = PBXBuildFile; fileRef = 4512476E2B6ACAC0000EE7CF /* SettingsViewController.swift */; };
		451247712B6ACAD8000EE7CF /* TabBarViewController.swift in Sources */ = {isa = PBXBuildFile; fileRef = 451247702B6ACAD8000EE7CF /* TabBarViewController.swift */; };
		451247752B6ACB23000EE7CF /* PostViewController.swift in Sources */ = {isa = PBXBuildFile; fileRef = 451247742B6ACB23000EE7CF /* PostViewController.swift */; };
		451247772B6ACB3B000EE7CF /* APIManager.swift in Sources */ = {isa = PBXBuildFile; fileRef = 451247762B6ACB3B000EE7CF /* APIManager.swift */; };
		451247792B6ACB46000EE7CF /* StorageManager.swift in Sources */ = {isa = PBXBuildFile; fileRef = 451247782B6ACB46000EE7CF /* StorageManager.swift */; };
		4512477B2B6ACB5D000EE7CF /* DatabaseManager.swift in Sources */ = {isa = PBXBuildFile; fileRef = 4512477A2B6ACB5D000EE7CF /* DatabaseManager.swift */; };
		4512477D2B6ACB6E000EE7CF /* AuthManager.swift in Sources */ = {isa = PBXBuildFile; fileRef = 4512477C2B6ACB6E000EE7CF /* AuthManager.swift */; };
		4512477F2B6ACB79000EE7CF /* HapticsManager.swift in Sources */ = {isa = PBXBuildFile; fileRef = 4512477E2B6ACB79000EE7CF /* HapticsManager.swift */; };
		451247822B6AD288000EE7CF /* FirebaseAnalytics in Frameworks */ = {isa = PBXBuildFile; productRef = 451247812B6AD288000EE7CF /* FirebaseAnalytics */; };
		451247842B6AD288000EE7CF /* FirebaseAuth in Frameworks */ = {isa = PBXBuildFile; productRef = 451247832B6AD288000EE7CF /* FirebaseAuth */; };
		451247862B6AD288000EE7CF /* FirebaseCrashlytics in Frameworks */ = {isa = PBXBuildFile; productRef = 451247852B6AD288000EE7CF /* FirebaseCrashlytics */; };
		451247882B6AD288000EE7CF /* FirebaseDatabase in Frameworks */ = {isa = PBXBuildFile; productRef = 451247872B6AD288000EE7CF /* FirebaseDatabase */; };
		4512478A2B6AD288000EE7CF /* FirebaseFirestore in Frameworks */ = {isa = PBXBuildFile; productRef = 451247892B6AD288000EE7CF /* FirebaseFirestore */; };
		4512478C2B6AD288000EE7CF /* FirebaseStorage in Frameworks */ = {isa = PBXBuildFile; productRef = 4512478B2B6AD288000EE7CF /* FirebaseStorage */; };
		4512478E2B6AD3BD000EE7CF /* GoogleService-Info.plist in Resources */ = {isa = PBXBuildFile; fileRef = 4512478D2B6AD3BD000EE7CF /* GoogleService-Info.plist */; };
		451247912B6AE16E000EE7CF /* SDWebImage in Frameworks */ = {isa = PBXBuildFile; productRef = 451247902B6AE16E000EE7CF /* SDWebImage */; };
		4562671D2B6D8D46001868C1 /* CommentsViewController.swift in Sources */ = {isa = PBXBuildFile; fileRef = 4562671C2B6D8D46001868C1 /* CommentsViewController.swift */; };
		4562671F2B6D9A9A001868C1 /* PostComment.swift in Sources */ = {isa = PBXBuildFile; fileRef = 4562671E2B6D9A9A001868C1 /* PostComment.swift */; };
		456267212B6D9AC2001868C1 /* User.swift in Sources */ = {isa = PBXBuildFile; fileRef = 456267202B6D9AC2001868C1 /* User.swift */; };
		459165282B6BFC3300A43746 /* Extensions.swift in Sources */ = {isa = PBXBuildFile; fileRef = 459165272B6BFC3300A43746 /* Extensions.swift */; };
		4591652B2B6C0DBA00A43746 /* PostModel.swift in Sources */ = {isa = PBXBuildFile; fileRef = 4591652A2B6C0DBA00A43746 /* PostModel.swift */; };
		45BF9BA82B729E440079B46F /* ProfileHeaderCollectionReusableView.swift in Sources */ = {isa = PBXBuildFile; fileRef = 45BF9BA72B729E440079B46F /* ProfileHeaderCollectionReusableView.swift */; };
		45F6037A2B6FBE93005DDB05 /* explore.json in Resources */ = {isa = PBXBuildFile; fileRef = 45F603792B6FBE93005DDB05 /* explore.json */; };
		45F6037C2B6FBF95005DDB05 /* ExploreManager.swift in Sources */ = {isa = PBXBuildFile; fileRef = 45F6037B2B6FBF95005DDB05 /* ExploreManager.swift */; };
		45F6037F2B6FEF38005DDB05 /* AuthField.swift in Sources */ = {isa = PBXBuildFile; fileRef = 45F6037E2B6FEF38005DDB05 /* AuthField.swift */; };
		45F603812B6FEF4A005DDB05 /* AuthButton.swift in Sources */ = {isa = PBXBuildFile; fileRef = 45F603802B6FEF4A005DDB05 /* AuthButton.swift */; };
		45F8CD602B6E9E9F00A3BBBD /* CommentTableViewCell.swift in Sources */ = {isa = PBXBuildFile; fileRef = 45F8CD5F2B6E9E9F00A3BBBD /* CommentTableViewCell.swift */; };
		45F8CD622B6EAF9400A3BBBD /* video.mp4 in Resources */ = {isa = PBXBuildFile; fileRef = 45F8CD612B6EAF9400A3BBBD /* video.mp4 */; };
		45F8CD642B6EBE5000A3BBBD /* ExploreSection.swift in Sources */ = {isa = PBXBuildFile; fileRef = 45F8CD632B6EBE5000A3BBBD /* ExploreSection.swift */; };
		45F8CD662B6EBE7500A3BBBD /* ExploreCell.swift in Sources */ = {isa = PBXBuildFile; fileRef = 45F8CD652B6EBE7500A3BBBD /* ExploreCell.swift */; };
		45F8CD682B6EBEA800A3BBBD /* ExploreSectionType.swift in Sources */ = {isa = PBXBuildFile; fileRef = 45F8CD672B6EBEA800A3BBBD /* ExploreSectionType.swift */; };
		45F8CD6A2B6EC00000A3BBBD /* ExploreBannerViewModel.swift in Sources */ = {isa = PBXBuildFile; fileRef = 45F8CD692B6EC00000A3BBBD /* ExploreBannerViewModel.swift */; };
		45F8CD6C2B6EC02A00A3BBBD /* ExplorePostViewModel.swift in Sources */ = {isa = PBXBuildFile; fileRef = 45F8CD6B2B6EC02A00A3BBBD /* ExplorePostViewModel.swift */; };
		45F8CD6E2B6EC04F00A3BBBD /* ExploreHashtagViewModel.swift in Sources */ = {isa = PBXBuildFile; fileRef = 45F8CD6D2B6EC04F00A3BBBD /* ExploreHashtagViewModel.swift */; };
		45F8CD702B6EC06B00A3BBBD /* ExploreUserViewModel.swift in Sources */ = {isa = PBXBuildFile; fileRef = 45F8CD6F2B6EC06B00A3BBBD /* ExploreUserViewModel.swift */; };
		45F8CD722B6EDCF100A3BBBD /* ExploreBannerCollectionViewCell.swift in Sources */ = {isa = PBXBuildFile; fileRef = 45F8CD712B6EDCF100A3BBBD /* ExploreBannerCollectionViewCell.swift */; };
		45F8CD742B6EDCFD00A3BBBD /* ExplorePostCollectionViewCell.swift in Sources */ = {isa = PBXBuildFile; fileRef = 45F8CD732B6EDCFD00A3BBBD /* ExplorePostCollectionViewCell.swift */; };
		45F8CD762B6EDD0500A3BBBD /* ExploreUserCollectionViewCell.swift in Sources */ = {isa = PBXBuildFile; fileRef = 45F8CD752B6EDD0500A3BBBD /* ExploreUserCollectionViewCell.swift */; };
		45F8CD782B6EDD1000A3BBBD /* ExploreHashtagCollectionViewCell.swift in Sources */ = {isa = PBXBuildFile; fileRef = 45F8CD772B6EDD1000A3BBBD /* ExploreHashtagCollectionViewCell.swift */; };
		45FA2B742B713FB600E76EB9 /* RecordButton.swift in Sources */ = {isa = PBXBuildFile; fileRef = 45FA2B732B713FB600E76EB9 /* RecordButton.swift */; };
		45FA2B762B7146C400E76EB9 /* CaptionViewController.swift in Sources */ = {isa = PBXBuildFile; fileRef = 45FA2B752B7146C400E76EB9 /* CaptionViewController.swift */; };
		45FA2B792B71595B00E76EB9 /* JGProgressHUD in Frameworks */ = {isa = PBXBuildFile; productRef = 45FA2B782B71595B00E76EB9 /* JGProgressHUD */; };
		45FA2B802B71700500E76EB9 /* Notifications.swift in Sources */ = {isa = PBXBuildFile; fileRef = 45FA2B7F2B71700500E76EB9 /* Notifications.swift */; };
		45FA2B822B71744500E76EB9 /* NotificationsUserFollowTableViewCell.swift in Sources */ = {isa = PBXBuildFile; fileRef = 45FA2B812B71744500E76EB9 /* NotificationsUserFollowTableViewCell.swift */; };
		45FA2B842B7174D500E76EB9 /* NotificationsPostLikeTableViewCell.swift in Sources */ = {isa = PBXBuildFile; fileRef = 45FA2B832B7174D500E76EB9 /* NotificationsPostLikeTableViewCell.swift */; };
		45FA2B862B7174FB00E76EB9 /* NotificationsPostCommentTableViewCell.swift in Sources */ = {isa = PBXBuildFile; fileRef = 45FA2B852B7174FB00E76EB9 /* NotificationsPostCommentTableViewCell.swift */; };
/* End PBXBuildFile section */

/* Begin PBXFileReference section */
		451247422B6ABC3B000EE7CF /* iTikTok.app */ = {isa = PBXFileReference; explicitFileType = wrapper.application; includeInIndex = 0; path = iTikTok.app; sourceTree = BUILT_PRODUCTS_DIR; };
		451247452B6ABC3B000EE7CF /* AppDelegate.swift */ = {isa = PBXFileReference; lastKnownFileType = sourcecode.swift; path = AppDelegate.swift; sourceTree = "<group>"; };
		451247472B6ABC3B000EE7CF /* SceneDelegate.swift */ = {isa = PBXFileReference; lastKnownFileType = sourcecode.swift; path = SceneDelegate.swift; sourceTree = "<group>"; };
		451247492B6ABC3B000EE7CF /* HomeViewController.swift */ = {isa = PBXFileReference; lastKnownFileType = sourcecode.swift; path = HomeViewController.swift; sourceTree = "<group>"; };
		4512474E2B6ABC3C000EE7CF /* Assets.xcassets */ = {isa = PBXFileReference; lastKnownFileType = folder.assetcatalog; path = Assets.xcassets; sourceTree = "<group>"; };
		451247512B6ABC3C000EE7CF /* Base */ = {isa = PBXFileReference; lastKnownFileType = file.storyboard; name = Base; path = Base.lproj/LaunchScreen.storyboard; sourceTree = "<group>"; };
		451247532B6ABC3C000EE7CF /* Info.plist */ = {isa = PBXFileReference; lastKnownFileType = text.plist.xml; path = Info.plist; sourceTree = "<group>"; };
		4512475E2B6ACA2F000EE7CF /* ExploreViewController.swift */ = {isa = PBXFileReference; lastKnownFileType = sourcecode.swift; path = ExploreViewController.swift; sourceTree = "<group>"; };
		451247602B6ACA3B000EE7CF /* CameraViewController.swift */ = {isa = PBXFileReference; lastKnownFileType = sourcecode.swift; path = CameraViewController.swift; sourceTree = "<group>"; };
		451247622B6ACA46000EE7CF /* NotificationsViewController.swift */ = {isa = PBXFileReference; lastKnownFileType = sourcecode.swift; path = NotificationsViewController.swift; sourceTree = "<group>"; };
		451247642B6ACA50000EE7CF /* ProfileViewController.swift */ = {isa = PBXFileReference; lastKnownFileType = sourcecode.swift; path = ProfileViewController.swift; sourceTree = "<group>"; };
		451247682B6ACAA3000EE7CF /* UserListViewController.swift */ = {isa = PBXFileReference; lastKnownFileType = sourcecode.swift; path = UserListViewController.swift; sourceTree = "<group>"; };
		4512476A2B6ACAAE000EE7CF /* SignInViewController.swift */ = {isa = PBXFileReference; lastKnownFileType = sourcecode.swift; path = SignInViewController.swift; sourceTree = "<group>"; };
		4512476C2B6ACAB6000EE7CF /* SignUpViewController.swift */ = {isa = PBXFileReference; lastKnownFileType = sourcecode.swift; path = SignUpViewController.swift; sourceTree = "<group>"; };
		4512476E2B6ACAC0000EE7CF /* SettingsViewController.swift */ = {isa = PBXFileReference; lastKnownFileType = sourcecode.swift; path = SettingsViewController.swift; sourceTree = "<group>"; };
		451247702B6ACAD8000EE7CF /* TabBarViewController.swift */ = {isa = PBXFileReference; lastKnownFileType = sourcecode.swift; path = TabBarViewController.swift; sourceTree = "<group>"; };
		451247742B6ACB23000EE7CF /* PostViewController.swift */ = {isa = PBXFileReference; lastKnownFileType = sourcecode.swift; path = PostViewController.swift; sourceTree = "<group>"; };
		451247762B6ACB3B000EE7CF /* APIManager.swift */ = {isa = PBXFileReference; lastKnownFileType = sourcecode.swift; path = APIManager.swift; sourceTree = "<group>"; };
		451247782B6ACB46000EE7CF /* StorageManager.swift */ = {isa = PBXFileReference; lastKnownFileType = sourcecode.swift; path = StorageManager.swift; sourceTree = "<group>"; };
		4512477A2B6ACB5D000EE7CF /* DatabaseManager.swift */ = {isa = PBXFileReference; lastKnownFileType = sourcecode.swift; path = DatabaseManager.swift; sourceTree = "<group>"; };
		4512477C2B6ACB6E000EE7CF /* AuthManager.swift */ = {isa = PBXFileReference; lastKnownFileType = sourcecode.swift; path = AuthManager.swift; sourceTree = "<group>"; };
		4512477E2B6ACB79000EE7CF /* HapticsManager.swift */ = {isa = PBXFileReference; lastKnownFileType = sourcecode.swift; path = HapticsManager.swift; sourceTree = "<group>"; };
		4512478D2B6AD3BD000EE7CF /* GoogleService-Info.plist */ = {isa = PBXFileReference; fileEncoding = 4; lastKnownFileType = text.plist.xml; path = "GoogleService-Info.plist"; sourceTree = "<group>"; };
		4562671C2B6D8D46001868C1 /* CommentsViewController.swift */ = {isa = PBXFileReference; lastKnownFileType = sourcecode.swift; path = CommentsViewController.swift; sourceTree = "<group>"; };
		4562671E2B6D9A9A001868C1 /* PostComment.swift */ = {isa = PBXFileReference; lastKnownFileType = sourcecode.swift; path = PostComment.swift; sourceTree = "<group>"; };
		456267202B6D9AC2001868C1 /* User.swift */ = {isa = PBXFileReference; lastKnownFileType = sourcecode.swift; path = User.swift; sourceTree = "<group>"; };
		459165272B6BFC3300A43746 /* Extensions.swift */ = {isa = PBXFileReference; lastKnownFileType = sourcecode.swift; path = Extensions.swift; sourceTree = "<group>"; };
		4591652A2B6C0DBA00A43746 /* PostModel.swift */ = {isa = PBXFileReference; lastKnownFileType = sourcecode.swift; path = PostModel.swift; sourceTree = "<group>"; };
		45BF9BA72B729E440079B46F /* ProfileHeaderCollectionReusableView.swift */ = {isa = PBXFileReference; lastKnownFileType = sourcecode.swift; path = ProfileHeaderCollectionReusableView.swift; sourceTree = "<group>"; };
		45F603792B6FBE93005DDB05 /* explore.json */ = {isa = PBXFileReference; fileEncoding = 4; lastKnownFileType = text.json; path = explore.json; sourceTree = "<group>"; };
		45F6037B2B6FBF95005DDB05 /* ExploreManager.swift */ = {isa = PBXFileReference; lastKnownFileType = sourcecode.swift; path = ExploreManager.swift; sourceTree = "<group>"; };
		45F6037E2B6FEF38005DDB05 /* AuthField.swift */ = {isa = PBXFileReference; lastKnownFileType = sourcecode.swift; path = AuthField.swift; sourceTree = "<group>"; };
		45F603802B6FEF4A005DDB05 /* AuthButton.swift */ = {isa = PBXFileReference; lastKnownFileType = sourcecode.swift; path = AuthButton.swift; sourceTree = "<group>"; };
		45F8CD5F2B6E9E9F00A3BBBD /* CommentTableViewCell.swift */ = {isa = PBXFileReference; lastKnownFileType = sourcecode.swift; path = CommentTableViewCell.swift; sourceTree = "<group>"; };
		45F8CD612B6EAF9400A3BBBD /* video.mp4 */ = {isa = PBXFileReference; lastKnownFileType = file; path = video.mp4; sourceTree = "<group>"; };
		45F8CD632B6EBE5000A3BBBD /* ExploreSection.swift */ = {isa = PBXFileReference; lastKnownFileType = sourcecode.swift; path = ExploreSection.swift; sourceTree = "<group>"; };
		45F8CD652B6EBE7500A3BBBD /* ExploreCell.swift */ = {isa = PBXFileReference; lastKnownFileType = sourcecode.swift; path = ExploreCell.swift; sourceTree = "<group>"; };
		45F8CD672B6EBEA800A3BBBD /* ExploreSectionType.swift */ = {isa = PBXFileReference; lastKnownFileType = sourcecode.swift; path = ExploreSectionType.swift; sourceTree = "<group>"; };
		45F8CD692B6EC00000A3BBBD /* ExploreBannerViewModel.swift */ = {isa = PBXFileReference; lastKnownFileType = sourcecode.swift; path = ExploreBannerViewModel.swift; sourceTree = "<group>"; };
		45F8CD6B2B6EC02A00A3BBBD /* ExplorePostViewModel.swift */ = {isa = PBXFileReference; lastKnownFileType = sourcecode.swift; path = ExplorePostViewModel.swift; sourceTree = "<group>"; };
		45F8CD6D2B6EC04F00A3BBBD /* ExploreHashtagViewModel.swift */ = {isa = PBXFileReference; lastKnownFileType = sourcecode.swift; path = ExploreHashtagViewModel.swift; sourceTree = "<group>"; };
		45F8CD6F2B6EC06B00A3BBBD /* ExploreUserViewModel.swift */ = {isa = PBXFileReference; lastKnownFileType = sourcecode.swift; path = ExploreUserViewModel.swift; sourceTree = "<group>"; };
		45F8CD712B6EDCF100A3BBBD /* ExploreBannerCollectionViewCell.swift */ = {isa = PBXFileReference; lastKnownFileType = sourcecode.swift; path = ExploreBannerCollectionViewCell.swift; sourceTree = "<group>"; };
		45F8CD732B6EDCFD00A3BBBD /* ExplorePostCollectionViewCell.swift */ = {isa = PBXFileReference; lastKnownFileType = sourcecode.swift; path = ExplorePostCollectionViewCell.swift; sourceTree = "<group>"; };
		45F8CD752B6EDD0500A3BBBD /* ExploreUserCollectionViewCell.swift */ = {isa = PBXFileReference; lastKnownFileType = sourcecode.swift; path = ExploreUserCollectionViewCell.swift; sourceTree = "<group>"; };
		45F8CD772B6EDD1000A3BBBD /* ExploreHashtagCollectionViewCell.swift */ = {isa = PBXFileReference; lastKnownFileType = sourcecode.swift; path = ExploreHashtagCollectionViewCell.swift; sourceTree = "<group>"; };
		45FA2B732B713FB600E76EB9 /* RecordButton.swift */ = {isa = PBXFileReference; lastKnownFileType = sourcecode.swift; path = RecordButton.swift; sourceTree = "<group>"; };
		45FA2B752B7146C400E76EB9 /* CaptionViewController.swift */ = {isa = PBXFileReference; lastKnownFileType = sourcecode.swift; path = CaptionViewController.swift; sourceTree = "<group>"; };
		45FA2B7F2B71700500E76EB9 /* Notifications.swift */ = {isa = PBXFileReference; lastKnownFileType = sourcecode.swift; path = Notifications.swift; sourceTree = "<group>"; };
		45FA2B812B71744500E76EB9 /* NotificationsUserFollowTableViewCell.swift */ = {isa = PBXFileReference; lastKnownFileType = sourcecode.swift; path = NotificationsUserFollowTableViewCell.swift; sourceTree = "<group>"; };
		45FA2B832B7174D500E76EB9 /* NotificationsPostLikeTableViewCell.swift */ = {isa = PBXFileReference; lastKnownFileType = sourcecode.swift; path = NotificationsPostLikeTableViewCell.swift; sourceTree = "<group>"; };
		45FA2B852B7174FB00E76EB9 /* NotificationsPostCommentTableViewCell.swift */ = {isa = PBXFileReference; lastKnownFileType = sourcecode.swift; path = NotificationsPostCommentTableViewCell.swift; sourceTree = "<group>"; };
/* End PBXFileReference section */

/* Begin PBXFrameworksBuildPhase section */
		4512473F2B6ABC3B000EE7CF /* Frameworks */ = {
			isa = PBXFrameworksBuildPhase;
			buildActionMask = 2147483647;
			files = (
				451247862B6AD288000EE7CF /* FirebaseCrashlytics in Frameworks */,
				451247822B6AD288000EE7CF /* FirebaseAnalytics in Frameworks */,
				451247882B6AD288000EE7CF /* FirebaseDatabase in Frameworks */,
				451247912B6AE16E000EE7CF /* SDWebImage in Frameworks */,
				45FA2B792B71595B00E76EB9 /* JGProgressHUD in Frameworks */,
				4512478A2B6AD288000EE7CF /* FirebaseFirestore in Frameworks */,
				451247842B6AD288000EE7CF /* FirebaseAuth in Frameworks */,
				4512478C2B6AD288000EE7CF /* FirebaseStorage in Frameworks */,
			);
			runOnlyForDeploymentPostprocessing = 0;
		};
/* End PBXFrameworksBuildPhase section */

/* Begin PBXGroup section */
		451247392B6ABC3B000EE7CF = {
			isa = PBXGroup;
			children = (
				451247442B6ABC3B000EE7CF /* iTikTok */,
				451247432B6ABC3B000EE7CF /* Products */,
			);
			sourceTree = "<group>";
		};
		451247432B6ABC3B000EE7CF /* Products */ = {
			isa = PBXGroup;
			children = (
				451247422B6ABC3B000EE7CF /* iTikTok.app */,
			);
			name = Products;
			sourceTree = "<group>";
		};
		451247442B6ABC3B000EE7CF /* iTikTok */ = {
			isa = PBXGroup;
			children = (
				4512475D2B6AC956000EE7CF /* Managers */,
				4512475C2B6AC94A000EE7CF /* ViewModels */,
				459165292B6C0DA200A43746 /* Models */,
				4512475B2B6AC92B000EE7CF /* Views */,
				4512475A2B6AC926000EE7CF /* Controllers */,
				451247592B6AC91F000EE7CF /* Resources */,
				451247532B6ABC3C000EE7CF /* Info.plist */,
			);
			path = iTikTok;
			sourceTree = "<group>";
		};
		451247592B6AC91F000EE7CF /* Resources */ = {
			isa = PBXGroup;
			children = (
				451247452B6ABC3B000EE7CF /* AppDelegate.swift */,
				451247472B6ABC3B000EE7CF /* SceneDelegate.swift */,
				459165272B6BFC3300A43746 /* Extensions.swift */,
				45F603792B6FBE93005DDB05 /* explore.json */,
				4512478D2B6AD3BD000EE7CF /* GoogleService-Info.plist */,
				4512474E2B6ABC3C000EE7CF /* Assets.xcassets */,
				45F8CD612B6EAF9400A3BBBD /* video.mp4 */,
			);
			path = Resources;
			sourceTree = "<group>";
		};
		4512475A2B6AC926000EE7CF /* Controllers */ = {
			isa = PBXGroup;
			children = (
				451247672B6ACA6D000EE7CF /* Others */,
				451247662B6ACA60000EE7CF /* Core */,
			);
			path = Controllers;
			sourceTree = "<group>";
		};
		4512475B2B6AC92B000EE7CF /* Views */ = {
			isa = PBXGroup;
			children = (
				451247732B6ACB09000EE7CF /* Others */,
				451247722B6ACB03000EE7CF /* Storyboard */,
			);
			path = Views;
			sourceTree = "<group>";
		};
		4512475C2B6AC94A000EE7CF /* ViewModels */ = {
			isa = PBXGroup;
			children = (
				45F8CD692B6EC00000A3BBBD /* ExploreBannerViewModel.swift */,
				45F8CD6B2B6EC02A00A3BBBD /* ExplorePostViewModel.swift */,
				45F8CD6D2B6EC04F00A3BBBD /* ExploreHashtagViewModel.swift */,
				45F8CD6F2B6EC06B00A3BBBD /* ExploreUserViewModel.swift */,
			);
			path = ViewModels;
			sourceTree = "<group>";
		};
		4512475D2B6AC956000EE7CF /* Managers */ = {
			isa = PBXGroup;
			children = (
				451247762B6ACB3B000EE7CF /* APIManager.swift */,
				451247782B6ACB46000EE7CF /* StorageManager.swift */,
				4512477A2B6ACB5D000EE7CF /* DatabaseManager.swift */,
				4512477C2B6ACB6E000EE7CF /* AuthManager.swift */,
				4512477E2B6ACB79000EE7CF /* HapticsManager.swift */,
				45F6037B2B6FBF95005DDB05 /* ExploreManager.swift */,
			);
			path = Managers;
			sourceTree = "<group>";
		};
		451247662B6ACA60000EE7CF /* Core */ = {
			isa = PBXGroup;
			children = (
				451247492B6ABC3B000EE7CF /* HomeViewController.swift */,
				4512475E2B6ACA2F000EE7CF /* ExploreViewController.swift */,
				451247602B6ACA3B000EE7CF /* CameraViewController.swift */,
				451247622B6ACA46000EE7CF /* NotificationsViewController.swift */,
				451247642B6ACA50000EE7CF /* ProfileViewController.swift */,
				451247702B6ACAD8000EE7CF /* TabBarViewController.swift */,
			);
			path = Core;
			sourceTree = "<group>";
		};
		451247672B6ACA6D000EE7CF /* Others */ = {
			isa = PBXGroup;
			children = (
				45FA2B7E2B715EC800E76EB9 /* UserList */,
				45F6037D2B6FE3F5005DDB05 /* Authentication */,
				45FA2B7A2B715EA000E76EB9 /* Settings */,
				45FA2B7B2B715EA900E76EB9 /* Post */,
				45FA2B7C2B715EB300E76EB9 /* Comment */,
				45FA2B7D2B715EBB00E76EB9 /* Caption */,
			);
			path = Others;
			sourceTree = "<group>";
		};
		451247722B6ACB03000EE7CF /* Storyboard */ = {
			isa = PBXGroup;
			children = (
				451247502B6ABC3C000EE7CF /* LaunchScreen.storyboard */,
			);
			path = Storyboard;
			sourceTree = "<group>";
		};
		451247732B6ACB09000EE7CF /* Others */ = {
			isa = PBXGroup;
			children = (
				45BF9BA62B729E2F0079B46F /* Profile */,
				45F603842B70092A005DDB05 /* CommentCell */,
				45F603822B700160005DDB05 /* ExploreCell */,
				45F603832B700172005DDB05 /* AuthComponents */,
				45FA2B882B71751500E76EB9 /* Camera */,
				45FA2B872B71750200E76EB9 /* Notifications */,
			);
			path = Others;
			sourceTree = "<group>";
		};
		459165292B6C0DA200A43746 /* Models */ = {
			isa = PBXGroup;
			children = (
				4591652A2B6C0DBA00A43746 /* PostModel.swift */,
				4562671E2B6D9A9A001868C1 /* PostComment.swift */,
				456267202B6D9AC2001868C1 /* User.swift */,
				45F8CD632B6EBE5000A3BBBD /* ExploreSection.swift */,
				45F8CD652B6EBE7500A3BBBD /* ExploreCell.swift */,
				45F8CD672B6EBEA800A3BBBD /* ExploreSectionType.swift */,
				45FA2B7F2B71700500E76EB9 /* Notifications.swift */,
			);
			path = Models;
			sourceTree = "<group>";
		};
		45BF9BA62B729E2F0079B46F /* Profile */ = {
			isa = PBXGroup;
			children = (
				45BF9BA72B729E440079B46F /* ProfileHeaderCollectionReusableView.swift */,
			);
			path = Profile;
			sourceTree = "<group>";
		};
		45F6037D2B6FE3F5005DDB05 /* Authentication */ = {
			isa = PBXGroup;
			children = (
				4512476A2B6ACAAE000EE7CF /* SignInViewController.swift */,
				4512476C2B6ACAB6000EE7CF /* SignUpViewController.swift */,
			);
			path = Authentication;
			sourceTree = "<group>";
		};
		45F603822B700160005DDB05 /* ExploreCell */ = {
			isa = PBXGroup;
			children = (
				45F8CD712B6EDCF100A3BBBD /* ExploreBannerCollectionViewCell.swift */,
				45F8CD732B6EDCFD00A3BBBD /* ExplorePostCollectionViewCell.swift */,
				45F8CD752B6EDD0500A3BBBD /* ExploreUserCollectionViewCell.swift */,
				45F8CD772B6EDD1000A3BBBD /* ExploreHashtagCollectionViewCell.swift */,
			);
			path = ExploreCell;
			sourceTree = "<group>";
		};
		45F603832B700172005DDB05 /* AuthComponents */ = {
			isa = PBXGroup;
			children = (
				45F6037E2B6FEF38005DDB05 /* AuthField.swift */,
				45F603802B6FEF4A005DDB05 /* AuthButton.swift */,
			);
			path = AuthComponents;
			sourceTree = "<group>";
		};
		45F603842B70092A005DDB05 /* CommentCell */ = {
			isa = PBXGroup;
			children = (
				45F8CD5F2B6E9E9F00A3BBBD /* CommentTableViewCell.swift */,
			);
			path = CommentCell;
			sourceTree = "<group>";
		};
		45FA2B7A2B715EA000E76EB9 /* Settings */ = {
			isa = PBXGroup;
			children = (
				4512476E2B6ACAC0000EE7CF /* SettingsViewController.swift */,
			);
			path = Settings;
			sourceTree = "<group>";
		};
		45FA2B7B2B715EA900E76EB9 /* Post */ = {
			isa = PBXGroup;
			children = (
				451247742B6ACB23000EE7CF /* PostViewController.swift */,
			);
			path = Post;
			sourceTree = "<group>";
		};
		45FA2B7C2B715EB300E76EB9 /* Comment */ = {
			isa = PBXGroup;
			children = (
				4562671C2B6D8D46001868C1 /* CommentsViewController.swift */,
			);
			path = Comment;
			sourceTree = "<group>";
		};
		45FA2B7D2B715EBB00E76EB9 /* Caption */ = {
			isa = PBXGroup;
			children = (
				45FA2B752B7146C400E76EB9 /* CaptionViewController.swift */,
			);
			path = Caption;
			sourceTree = "<group>";
		};
		45FA2B7E2B715EC800E76EB9 /* UserList */ = {
			isa = PBXGroup;
			children = (
				451247682B6ACAA3000EE7CF /* UserListViewController.swift */,
			);
			path = UserList;
			sourceTree = "<group>";
		};
		45FA2B872B71750200E76EB9 /* Notifications */ = {
			isa = PBXGroup;
			children = (
				45FA2B812B71744500E76EB9 /* NotificationsUserFollowTableViewCell.swift */,
				45FA2B832B7174D500E76EB9 /* NotificationsPostLikeTableViewCell.swift */,
				45FA2B852B7174FB00E76EB9 /* NotificationsPostCommentTableViewCell.swift */,
			);
			path = Notifications;
			sourceTree = "<group>";
		};
		45FA2B882B71751500E76EB9 /* Camera */ = {
			isa = PBXGroup;
			children = (
				45FA2B732B713FB600E76EB9 /* RecordButton.swift */,
			);
			path = Camera;
			sourceTree = "<group>";
		};
/* End PBXGroup section */

/* Begin PBXNativeTarget section */
		451247412B6ABC3B000EE7CF /* iTikTok */ = {
			isa = PBXNativeTarget;
			buildConfigurationList = 451247562B6ABC3C000EE7CF /* Build configuration list for PBXNativeTarget "iTikTok" */;
			buildPhases = (
				4512473E2B6ABC3B000EE7CF /* Sources */,
				4512473F2B6ABC3B000EE7CF /* Frameworks */,
				451247402B6ABC3B000EE7CF /* Resources */,
			);
			buildRules = (
			);
			dependencies = (
			);
			name = iTikTok;
			packageProductDependencies = (
				451247812B6AD288000EE7CF /* FirebaseAnalytics */,
				451247832B6AD288000EE7CF /* FirebaseAuth */,
				451247852B6AD288000EE7CF /* FirebaseCrashlytics */,
				451247872B6AD288000EE7CF /* FirebaseDatabase */,
				451247892B6AD288000EE7CF /* FirebaseFirestore */,
				4512478B2B6AD288000EE7CF /* FirebaseStorage */,
				451247902B6AE16E000EE7CF /* SDWebImage */,
				45FA2B782B71595B00E76EB9 /* JGProgressHUD */,
			);
			productName = iTikTok;
			productReference = 451247422B6ABC3B000EE7CF /* iTikTok.app */;
			productType = "com.apple.product-type.application";
		};
/* End PBXNativeTarget section */

/* Begin PBXProject section */
		4512473A2B6ABC3B000EE7CF /* Project object */ = {
			isa = PBXProject;
			attributes = {
				BuildIndependentTargetsInParallel = 1;
				LastSwiftUpdateCheck = 1500;
				LastUpgradeCheck = 1500;
				TargetAttributes = {
					451247412B6ABC3B000EE7CF = {
						CreatedOnToolsVersion = 15.0.1;
					};
				};
			};
			buildConfigurationList = 4512473D2B6ABC3B000EE7CF /* Build configuration list for PBXProject "iTikTok" */;
			compatibilityVersion = "Xcode 14.0";
			developmentRegion = en;
			hasScannedForEncodings = 0;
			knownRegions = (
				en,
				Base,
			);
			mainGroup = 451247392B6ABC3B000EE7CF;
			packageReferences = (
				451247802B6AD288000EE7CF /* XCRemoteSwiftPackageReference "firebase-ios-sdk" */,
				4512478F2B6AE16E000EE7CF /* XCRemoteSwiftPackageReference "SDWebImage" */,
				45FA2B772B71595B00E76EB9 /* XCRemoteSwiftPackageReference "JGProgressHUD" */,
			);
			productRefGroup = 451247432B6ABC3B000EE7CF /* Products */;
			projectDirPath = "";
			projectRoot = "";
			targets = (
				451247412B6ABC3B000EE7CF /* iTikTok */,
			);
		};
/* End PBXProject section */

/* Begin PBXResourcesBuildPhase section */
		451247402B6ABC3B000EE7CF /* Resources */ = {
			isa = PBXResourcesBuildPhase;
			buildActionMask = 2147483647;
			files = (
				45F6037A2B6FBE93005DDB05 /* explore.json in Resources */,
				451247522B6ABC3C000EE7CF /* LaunchScreen.storyboard in Resources */,
				4512474F2B6ABC3C000EE7CF /* Assets.xcassets in Resources */,
				4512478E2B6AD3BD000EE7CF /* GoogleService-Info.plist in Resources */,
				45F8CD622B6EAF9400A3BBBD /* video.mp4 in Resources */,
			);
			runOnlyForDeploymentPostprocessing = 0;
		};
/* End PBXResourcesBuildPhase section */

/* Begin PBXSourcesBuildPhase section */
		4512473E2B6ABC3B000EE7CF /* Sources */ = {
			isa = PBXSourcesBuildPhase;
			buildActionMask = 2147483647;
			files = (
				4512477F2B6ACB79000EE7CF /* HapticsManager.swift in Sources */,
				45F8CD782B6EDD1000A3BBBD /* ExploreHashtagCollectionViewCell.swift in Sources */,
				4591652B2B6C0DBA00A43746 /* PostModel.swift in Sources */,
				4512477B2B6ACB5D000EE7CF /* DatabaseManager.swift in Sources */,
				45F8CD662B6EBE7500A3BBBD /* ExploreCell.swift in Sources */,
				4512475F2B6ACA2F000EE7CF /* ExploreViewController.swift in Sources */,
				451247692B6ACAA3000EE7CF /* UserListViewController.swift in Sources */,
				45F603812B6FEF4A005DDB05 /* AuthButton.swift in Sources */,
				4512476F2B6ACAC0000EE7CF /* SettingsViewController.swift in Sources */,
				451247752B6ACB23000EE7CF /* PostViewController.swift in Sources */,
				451247612B6ACA3B000EE7CF /* CameraViewController.swift in Sources */,
				459165282B6BFC3300A43746 /* Extensions.swift in Sources */,
				451247712B6ACAD8000EE7CF /* TabBarViewController.swift in Sources */,
				45F8CD742B6EDCFD00A3BBBD /* ExplorePostCollectionViewCell.swift in Sources */,
				4512477D2B6ACB6E000EE7CF /* AuthManager.swift in Sources */,
				451247772B6ACB3B000EE7CF /* APIManager.swift in Sources */,
				45F6037F2B6FEF38005DDB05 /* AuthField.swift in Sources */,
				45FA2B742B713FB600E76EB9 /* RecordButton.swift in Sources */,
				45F8CD6E2B6EC04F00A3BBBD /* ExploreHashtagViewModel.swift in Sources */,
				45FA2B802B71700500E76EB9 /* Notifications.swift in Sources */,
				45FA2B862B7174FB00E76EB9 /* NotificationsPostCommentTableViewCell.swift in Sources */,
				45FA2B762B7146C400E76EB9 /* CaptionViewController.swift in Sources */,
				4512474A2B6ABC3B000EE7CF /* HomeViewController.swift in Sources */,
				4512476D2B6ACAB6000EE7CF /* SignUpViewController.swift in Sources */,
				45FA2B842B7174D500E76EB9 /* NotificationsPostLikeTableViewCell.swift in Sources */,
				4562671D2B6D8D46001868C1 /* CommentsViewController.swift in Sources */,
				45F8CD6C2B6EC02A00A3BBBD /* ExplorePostViewModel.swift in Sources */,
				45F8CD6A2B6EC00000A3BBBD /* ExploreBannerViewModel.swift in Sources */,
				45F6037C2B6FBF95005DDB05 /* ExploreManager.swift in Sources */,
				4562671F2B6D9A9A001868C1 /* PostComment.swift in Sources */,
				45F8CD762B6EDD0500A3BBBD /* ExploreUserCollectionViewCell.swift in Sources */,
				45F8CD702B6EC06B00A3BBBD /* ExploreUserViewModel.swift in Sources */,
				45BF9BA82B729E440079B46F /* ProfileHeaderCollectionReusableView.swift in Sources */,
				451247632B6ACA46000EE7CF /* NotificationsViewController.swift in Sources */,
				4512476B2B6ACAAE000EE7CF /* SignInViewController.swift in Sources */,
				451247652B6ACA50000EE7CF /* ProfileViewController.swift in Sources */,
				45F8CD682B6EBEA800A3BBBD /* ExploreSectionType.swift in Sources */,
				45F8CD602B6E9E9F00A3BBBD /* CommentTableViewCell.swift in Sources */,
				451247792B6ACB46000EE7CF /* StorageManager.swift in Sources */,
				45F8CD642B6EBE5000A3BBBD /* ExploreSection.swift in Sources */,
				45F8CD722B6EDCF100A3BBBD /* ExploreBannerCollectionViewCell.swift in Sources */,
				451247462B6ABC3B000EE7CF /* AppDelegate.swift in Sources */,
				451247482B6ABC3B000EE7CF /* SceneDelegate.swift in Sources */,
				45FA2B822B71744500E76EB9 /* NotificationsUserFollowTableViewCell.swift in Sources */,
				456267212B6D9AC2001868C1 /* User.swift in Sources */,
			);
			runOnlyForDeploymentPostprocessing = 0;
		};
/* End PBXSourcesBuildPhase section */

/* Begin PBXVariantGroup section */
		451247502B6ABC3C000EE7CF /* LaunchScreen.storyboard */ = {
			isa = PBXVariantGroup;
			children = (
				451247512B6ABC3C000EE7CF /* Base */,
			);
			name = LaunchScreen.storyboard;
			sourceTree = "<group>";
		};
/* End PBXVariantGroup section */

/* Begin XCBuildConfiguration section */
		451247542B6ABC3C000EE7CF /* Debug */ = {
			isa = XCBuildConfiguration;
			buildSettings = {
				ALWAYS_SEARCH_USER_PATHS = NO;
				ASSETCATALOG_COMPILER_GENERATE_SWIFT_ASSET_SYMBOL_EXTENSIONS = YES;
				CLANG_ANALYZER_NONNULL = YES;
				CLANG_ANALYZER_NUMBER_OBJECT_CONVERSION = YES_AGGRESSIVE;
				CLANG_CXX_LANGUAGE_STANDARD = "gnu++20";
				CLANG_ENABLE_MODULES = YES;
				CLANG_ENABLE_OBJC_ARC = YES;
				CLANG_ENABLE_OBJC_WEAK = YES;
				CLANG_WARN_BLOCK_CAPTURE_AUTORELEASING = YES;
				CLANG_WARN_BOOL_CONVERSION = YES;
				CLANG_WARN_COMMA = YES;
				CLANG_WARN_CONSTANT_CONVERSION = YES;
				CLANG_WARN_DEPRECATED_OBJC_IMPLEMENTATIONS = YES;
				CLANG_WARN_DIRECT_OBJC_ISA_USAGE = YES_ERROR;
				CLANG_WARN_DOCUMENTATION_COMMENTS = YES;
				CLANG_WARN_EMPTY_BODY = YES;
				CLANG_WARN_ENUM_CONVERSION = YES;
				CLANG_WARN_INFINITE_RECURSION = YES;
				CLANG_WARN_INT_CONVERSION = YES;
				CLANG_WARN_NON_LITERAL_NULL_CONVERSION = YES;
				CLANG_WARN_OBJC_IMPLICIT_RETAIN_SELF = YES;
				CLANG_WARN_OBJC_LITERAL_CONVERSION = YES;
				CLANG_WARN_OBJC_ROOT_CLASS = YES_ERROR;
				CLANG_WARN_QUOTED_INCLUDE_IN_FRAMEWORK_HEADER = YES;
				CLANG_WARN_RANGE_LOOP_ANALYSIS = YES;
				CLANG_WARN_STRICT_PROTOTYPES = YES;
				CLANG_WARN_SUSPICIOUS_MOVE = YES;
				CLANG_WARN_UNGUARDED_AVAILABILITY = YES_AGGRESSIVE;
				CLANG_WARN_UNREACHABLE_CODE = YES;
				CLANG_WARN__DUPLICATE_METHOD_MATCH = YES;
				COPY_PHASE_STRIP = NO;
				DEBUG_INFORMATION_FORMAT = dwarf;
				ENABLE_STRICT_OBJC_MSGSEND = YES;
				ENABLE_TESTABILITY = YES;
				ENABLE_USER_SCRIPT_SANDBOXING = YES;
				GCC_C_LANGUAGE_STANDARD = gnu17;
				GCC_DYNAMIC_NO_PIC = NO;
				GCC_NO_COMMON_BLOCKS = YES;
				GCC_OPTIMIZATION_LEVEL = 0;
				GCC_PREPROCESSOR_DEFINITIONS = (
					"DEBUG=1",
					"$(inherited)",
				);
				GCC_WARN_64_TO_32_BIT_CONVERSION = YES;
				GCC_WARN_ABOUT_RETURN_TYPE = YES_ERROR;
				GCC_WARN_UNDECLARED_SELECTOR = YES;
				GCC_WARN_UNINITIALIZED_AUTOS = YES_AGGRESSIVE;
				GCC_WARN_UNUSED_FUNCTION = YES;
				GCC_WARN_UNUSED_VARIABLE = YES;
				IPHONEOS_DEPLOYMENT_TARGET = 13.0;
				LOCALIZATION_PREFERS_STRING_CATALOGS = YES;
				MTL_ENABLE_DEBUG_INFO = INCLUDE_SOURCE;
				MTL_FAST_MATH = YES;
				ONLY_ACTIVE_ARCH = YES;
				SDKROOT = iphoneos;
				SWIFT_ACTIVE_COMPILATION_CONDITIONS = "DEBUG $(inherited)";
				SWIFT_OPTIMIZATION_LEVEL = "-Onone";
			};
			name = Debug;
		};
		451247552B6ABC3C000EE7CF /* Release */ = {
			isa = XCBuildConfiguration;
			buildSettings = {
				ALWAYS_SEARCH_USER_PATHS = NO;
				ASSETCATALOG_COMPILER_GENERATE_SWIFT_ASSET_SYMBOL_EXTENSIONS = YES;
				CLANG_ANALYZER_NONNULL = YES;
				CLANG_ANALYZER_NUMBER_OBJECT_CONVERSION = YES_AGGRESSIVE;
				CLANG_CXX_LANGUAGE_STANDARD = "gnu++20";
				CLANG_ENABLE_MODULES = YES;
				CLANG_ENABLE_OBJC_ARC = YES;
				CLANG_ENABLE_OBJC_WEAK = YES;
				CLANG_WARN_BLOCK_CAPTURE_AUTORELEASING = YES;
				CLANG_WARN_BOOL_CONVERSION = YES;
				CLANG_WARN_COMMA = YES;
				CLANG_WARN_CONSTANT_CONVERSION = YES;
				CLANG_WARN_DEPRECATED_OBJC_IMPLEMENTATIONS = YES;
				CLANG_WARN_DIRECT_OBJC_ISA_USAGE = YES_ERROR;
				CLANG_WARN_DOCUMENTATION_COMMENTS = YES;
				CLANG_WARN_EMPTY_BODY = YES;
				CLANG_WARN_ENUM_CONVERSION = YES;
				CLANG_WARN_INFINITE_RECURSION = YES;
				CLANG_WARN_INT_CONVERSION = YES;
				CLANG_WARN_NON_LITERAL_NULL_CONVERSION = YES;
				CLANG_WARN_OBJC_IMPLICIT_RETAIN_SELF = YES;
				CLANG_WARN_OBJC_LITERAL_CONVERSION = YES;
				CLANG_WARN_OBJC_ROOT_CLASS = YES_ERROR;
				CLANG_WARN_QUOTED_INCLUDE_IN_FRAMEWORK_HEADER = YES;
				CLANG_WARN_RANGE_LOOP_ANALYSIS = YES;
				CLANG_WARN_STRICT_PROTOTYPES = YES;
				CLANG_WARN_SUSPICIOUS_MOVE = YES;
				CLANG_WARN_UNGUARDED_AVAILABILITY = YES_AGGRESSIVE;
				CLANG_WARN_UNREACHABLE_CODE = YES;
				CLANG_WARN__DUPLICATE_METHOD_MATCH = YES;
				COPY_PHASE_STRIP = NO;
				DEBUG_INFORMATION_FORMAT = "dwarf-with-dsym";
				ENABLE_NS_ASSERTIONS = NO;
				ENABLE_STRICT_OBJC_MSGSEND = YES;
				ENABLE_USER_SCRIPT_SANDBOXING = YES;
				GCC_C_LANGUAGE_STANDARD = gnu17;
				GCC_NO_COMMON_BLOCKS = YES;
				GCC_WARN_64_TO_32_BIT_CONVERSION = YES;
				GCC_WARN_ABOUT_RETURN_TYPE = YES_ERROR;
				GCC_WARN_UNDECLARED_SELECTOR = YES;
				GCC_WARN_UNINITIALIZED_AUTOS = YES_AGGRESSIVE;
				GCC_WARN_UNUSED_FUNCTION = YES;
				GCC_WARN_UNUSED_VARIABLE = YES;
				IPHONEOS_DEPLOYMENT_TARGET = 13.0;
				LOCALIZATION_PREFERS_STRING_CATALOGS = YES;
				MTL_ENABLE_DEBUG_INFO = NO;
				MTL_FAST_MATH = YES;
				SDKROOT = iphoneos;
				SWIFT_COMPILATION_MODE = wholemodule;
				VALIDATE_PRODUCT = YES;
			};
			name = Release;
		};
		451247572B6ABC3C000EE7CF /* Debug */ = {
			isa = XCBuildConfiguration;
			buildSettings = {
				ASSETCATALOG_COMPILER_APPICON_NAME = AppIcon;
				ASSETCATALOG_COMPILER_GLOBAL_ACCENT_COLOR_NAME = AccentColor;
				CODE_SIGN_STYLE = Automatic;
				CURRENT_PROJECT_VERSION = 1;
				DEVELOPMENT_TEAM = N2G2NDDG29;
				GENERATE_INFOPLIST_FILE = YES;
				INFOPLIST_FILE = iTikTok/Info.plist;
				INFOPLIST_KEY_UIApplicationSupportsIndirectInputEvents = YES;
				INFOPLIST_KEY_UILaunchStoryboardName = LaunchScreen;
				INFOPLIST_KEY_UISupportedInterfaceOrientations = UIInterfaceOrientationPortrait;
				INFOPLIST_KEY_UISupportedInterfaceOrientations_iPad = "UIInterfaceOrientationLandscapeLeft UIInterfaceOrientationLandscapeRight UIInterfaceOrientationPortrait UIInterfaceOrientationPortraitUpsideDown";
				IPHONEOS_DEPLOYMENT_TARGET = 13.0;
				LD_RUNPATH_SEARCH_PATHS = (
					"$(inherited)",
					"@executable_path/Frameworks",
				);
				MARKETING_VERSION = 1.0;
				PRODUCT_BUNDLE_IDENTIFIER = com.ahmettarik.iTikTok;
				PRODUCT_NAME = "$(TARGET_NAME)";
				SUPPORTED_PLATFORMS = "iphoneos iphonesimulator";
				SUPPORTS_MACCATALYST = NO;
				SUPPORTS_MAC_DESIGNED_FOR_IPHONE_IPAD = NO;
				SWIFT_EMIT_LOC_STRINGS = YES;
				SWIFT_VERSION = 5.0;
				TARGETED_DEVICE_FAMILY = 1;
			};
			name = Debug;
		};
		451247582B6ABC3C000EE7CF /* Release */ = {
			isa = XCBuildConfiguration;
			buildSettings = {
				ASSETCATALOG_COMPILER_APPICON_NAME = AppIcon;
				ASSETCATALOG_COMPILER_GLOBAL_ACCENT_COLOR_NAME = AccentColor;
				CODE_SIGN_STYLE = Automatic;
				CURRENT_PROJECT_VERSION = 1;
				DEVELOPMENT_TEAM = N2G2NDDG29;
				GENERATE_INFOPLIST_FILE = YES;
				INFOPLIST_FILE = iTikTok/Info.plist;
				INFOPLIST_KEY_UIApplicationSupportsIndirectInputEvents = YES;
				INFOPLIST_KEY_UILaunchStoryboardName = LaunchScreen;
				INFOPLIST_KEY_UISupportedInterfaceOrientations = UIInterfaceOrientationPortrait;
				INFOPLIST_KEY_UISupportedInterfaceOrientations_iPad = "UIInterfaceOrientationLandscapeLeft UIInterfaceOrientationLandscapeRight UIInterfaceOrientationPortrait UIInterfaceOrientationPortraitUpsideDown";
				IPHONEOS_DEPLOYMENT_TARGET = 13.0;
				LD_RUNPATH_SEARCH_PATHS = (
					"$(inherited)",
					"@executable_path/Frameworks",
				);
				MARKETING_VERSION = 1.0;
				PRODUCT_BUNDLE_IDENTIFIER = com.ahmettarik.iTikTok;
				PRODUCT_NAME = "$(TARGET_NAME)";
				SUPPORTED_PLATFORMS = "iphoneos iphonesimulator";
				SUPPORTS_MACCATALYST = NO;
				SUPPORTS_MAC_DESIGNED_FOR_IPHONE_IPAD = NO;
				SWIFT_EMIT_LOC_STRINGS = YES;
				SWIFT_VERSION = 5.0;
				TARGETED_DEVICE_FAMILY = 1;
			};
			name = Release;
		};
/* End XCBuildConfiguration section */

/* Begin XCConfigurationList section */
		4512473D2B6ABC3B000EE7CF /* Build configuration list for PBXProject "iTikTok" */ = {
			isa = XCConfigurationList;
			buildConfigurations = (
				451247542B6ABC3C000EE7CF /* Debug */,
				451247552B6ABC3C000EE7CF /* Release */,
			);
			defaultConfigurationIsVisible = 0;
			defaultConfigurationName = Release;
		};
		451247562B6ABC3C000EE7CF /* Build configuration list for PBXNativeTarget "iTikTok" */ = {
			isa = XCConfigurationList;
			buildConfigurations = (
				451247572B6ABC3C000EE7CF /* Debug */,
				451247582B6ABC3C000EE7CF /* Release */,
			);
			defaultConfigurationIsVisible = 0;
			defaultConfigurationName = Release;
		};
/* End XCConfigurationList section */

/* Begin XCRemoteSwiftPackageReference section */
		451247802B6AD288000EE7CF /* XCRemoteSwiftPackageReference "firebase-ios-sdk" */ = {
			isa = XCRemoteSwiftPackageReference;
			repositoryURL = "https://github.com/firebase/firebase-ios-sdk.git";
			requirement = {
				kind = upToNextMajorVersion;
				minimumVersion = 10.20.0;
			};
		};
		4512478F2B6AE16E000EE7CF /* XCRemoteSwiftPackageReference "SDWebImage" */ = {
			isa = XCRemoteSwiftPackageReference;
			repositoryURL = "https://github.com/SDWebImage/SDWebImage.git";
			requirement = {
				kind = upToNextMajorVersion;
				minimumVersion = 5.18.10;
			};
		};
		45FA2B772B71595B00E76EB9 /* XCRemoteSwiftPackageReference "JGProgressHUD" */ = {
			isa = XCRemoteSwiftPackageReference;
			repositoryURL = "https://github.com/JonasGessner/JGProgressHUD.git";
			requirement = {
				kind = upToNextMajorVersion;
				minimumVersion = 2.2.0;
			};
		};
/* End XCRemoteSwiftPackageReference section */

/* Begin XCSwiftPackageProductDependency section */
		451247812B6AD288000EE7CF /* FirebaseAnalytics */ = {
			isa = XCSwiftPackageProductDependency;
			package = 451247802B6AD288000EE7CF /* XCRemoteSwiftPackageReference "firebase-ios-sdk" */;
			productName = FirebaseAnalytics;
		};
		451247832B6AD288000EE7CF /* FirebaseAuth */ = {
			isa = XCSwiftPackageProductDependency;
			package = 451247802B6AD288000EE7CF /* XCRemoteSwiftPackageReference "firebase-ios-sdk" */;
			productName = FirebaseAuth;
		};
		451247852B6AD288000EE7CF /* FirebaseCrashlytics */ = {
			isa = XCSwiftPackageProductDependency;
			package = 451247802B6AD288000EE7CF /* XCRemoteSwiftPackageReference "firebase-ios-sdk" */;
			productName = FirebaseCrashlytics;
		};
		451247872B6AD288000EE7CF /* FirebaseDatabase */ = {
			isa = XCSwiftPackageProductDependency;
			package = 451247802B6AD288000EE7CF /* XCRemoteSwiftPackageReference "firebase-ios-sdk" */;
			productName = FirebaseDatabase;
		};
		451247892B6AD288000EE7CF /* FirebaseFirestore */ = {
			isa = XCSwiftPackageProductDependency;
			package = 451247802B6AD288000EE7CF /* XCRemoteSwiftPackageReference "firebase-ios-sdk" */;
			productName = FirebaseFirestore;
		};
		4512478B2B6AD288000EE7CF /* FirebaseStorage */ = {
			isa = XCSwiftPackageProductDependency;
			package = 451247802B6AD288000EE7CF /* XCRemoteSwiftPackageReference "firebase-ios-sdk" */;
			productName = FirebaseStorage;
		};
		451247902B6AE16E000EE7CF /* SDWebImage */ = {
			isa = XCSwiftPackageProductDependency;
			package = 4512478F2B6AE16E000EE7CF /* XCRemoteSwiftPackageReference "SDWebImage" */;
			productName = SDWebImage;
		};
		45FA2B782B71595B00E76EB9 /* JGProgressHUD */ = {
			isa = XCSwiftPackageProductDependency;
			package = 45FA2B772B71595B00E76EB9 /* XCRemoteSwiftPackageReference "JGProgressHUD" */;
			productName = JGProgressHUD;
		};
/* End XCSwiftPackageProductDependency section */
	};
	rootObject = 4512473A2B6ABC3B000EE7CF /* Project object */;
}
